// !$*UTF8*$!
{
	archiveVersion = 1;
	classes = {
	};
	objectVersion = 60;
	objects = {

/* Begin PBXBuildFile section */
		A10000000000000000000001 /* MrYukPoisonPatrolApp.swift in Sources */ = {isa = PBXBuildFile; fileRef = A20000000000000000000001 /* MrYukPoisonPatrolApp.swift */; };
		A10000000000000000000002 /* ContentView.swift in Sources */ = {isa = PBXBuildFile; fileRef = A20000000000000000000002 /* ContentView.swift */; };
		A10000000000000000000003 /* GameScene.swift in Sources */ = {isa = PBXBuildFile; fileRef = A20000000000000000000003 /* GameScene.swift */; };
		A10000000000000000000004 /* GameModels.swift in Sources */ = {isa = PBXBuildFile; fileRef = A20000000000000000000004 /* GameModels.swift */; };
		A10000000000000000000005 /* GamePalette.swift in Sources */ = {isa = PBXBuildFile; fileRef = A20000000000000000000005 /* GamePalette.swift */; };
		A10000000000000000000006 /* Assets.xcassets in Resources */ = {isa = PBXBuildFile; fileRef = A20000000000000000000006 /* Assets.xcassets */; };
		A10000000000000000000007 /* start.wav in Resources */ = {isa = PBXBuildFile; fileRef = A20000000000000000000007 /* start.wav */; };
		A10000000000000000000008 /* slap.wav in Resources */ = {isa = PBXBuildFile; fileRef = A20000000000000000000008 /* slap.wav */; };
		A10000000000000000000009 /* danger.wav in Resources */ = {isa = PBXBuildFile; fileRef = A20000000000000000000009 /* danger.wav */; };
		A1000000000000000000000A /* clear.wav in Resources */ = {isa = PBXBuildFile; fileRef = A2000000000000000000000A /* clear.wav */; };
		A1000000000000000000000B /* jump.wav in Resources */ = {isa = PBXBuildFile; fileRef = A2000000000000000000000B /* jump.wav */; };
		A1000000000000000000000E /* theme.wav in Resources */ = {isa = PBXBuildFile; fileRef = A2000000000000000000000E /* theme.wav */; };
/* End PBXBuildFile section */

/* Begin PBXFileReference section */
		A20000000000000000000001 /* MrYukPoisonPatrolApp.swift */ = {isa = PBXFileReference; lastKnownFileType = sourcecode.swift; path = MrYukPoisonPatrolApp.swift; sourceTree = "<group>"; };
		A20000000000000000000002 /* ContentView.swift */ = {isa = PBXFileReference; lastKnownFileType = sourcecode.swift; path = ContentView.swift; sourceTree = "<group>"; };
		A20000000000000000000003 /* GameScene.swift */ = {isa = PBXFileReference; lastKnownFileType = sourcecode.swift; path = GameScene.swift; sourceTree = "<group>"; };
		A20000000000000000000004 /* GameModels.swift */ = {isa = PBXFileReference; lastKnownFileType = sourcecode.swift; path = GameModels.swift; sourceTree = "<group>"; };
		A20000000000000000000005 /* GamePalette.swift */ = {isa = PBXFileReference; lastKnownFileType = sourcecode.swift; path = GamePalette.swift; sourceTree = "<group>"; };
		A20000000000000000000006 /* Assets.xcassets */ = {isa = PBXFileReference; lastKnownFileType = folder.assetcatalog; path = Assets.xcassets; sourceTree = "<group>"; };
		A20000000000000000000007 /* start.wav */ = {isa = PBXFileReference; lastKnownFileType = audio.wav; path = start.wav; sourceTree = "<group>"; };
		A20000000000000000000008 /* slap.wav */ = {isa = PBXFileReference; lastKnownFileType = audio.wav; path = slap.wav; sourceTree = "<group>"; };
		A20000000000000000000009 /* danger.wav */ = {isa = PBXFileReference; lastKnownFileType = audio.wav; path = danger.wav; sourceTree = "<group>"; };
		A2000000000000000000000A /* clear.wav */ = {isa = PBXFileReference; lastKnownFileType = audio.wav; path = clear.wav; sourceTree = "<group>"; };
		A2000000000000000000000B /* jump.wav */ = {isa = PBXFileReference; lastKnownFileType = audio.wav; path = jump.wav; sourceTree = "<group>"; };
		A2000000000000000000000E /* theme.wav */ = {isa = PBXFileReference; lastKnownFileType = audio.wav; path = theme.wav; sourceTree = "<group>"; };
		A2000000000000000000000C /* MrYukPoisonPatrol.app */ = {isa = PBXFileReference; explicitFileType = wrapper.application; includeInIndex = 0; path = MrYukPoisonPatrol.app; sourceTree = BUILT_PRODUCTS_DIR; };
		A2000000000000000000000D /* Documentation */ = {isa = PBXFileReference; lastKnownFileType = folder; path = Documentation; sourceTree = SOURCE_ROOT; };
/* End PBXFileReference section */

/* Begin PBXFrameworksBuildPhase section */
		A30000000000000000000001 /* Frameworks */ = {
			isa = PBXFrameworksBuildPhase;
			buildActionMask = 2147483647;
			files = (
			);
			runOnlyForDeploymentPostprocessing = 0;
		};
/* End PBXFrameworksBuildPhase section */

/* Begin PBXGroup section */
		A40000000000000000000001 = {
			isa = PBXGroup;
			children = (
				A40000000000000000000002 /* MrYukPoisonPatrol */,
				A2000000000000000000000D /* Documentation */,
				A40000000000000000000005 /* Products */,
			);
			sourceTree = "<group>";
		};
		A40000000000000000000002 /* MrYukPoisonPatrol */ = {
			isa = PBXGroup;
			children = (
				A40000000000000000000003 /* Sources */,
				A20000000000000000000006 /* Assets.xcassets */,
				A40000000000000000000004 /* Audio */,
			);
			path = MrYukPoisonPatrol;
			sourceTree = "<group>";
		};
		A40000000000000000000003 /* Sources */ = {
			isa = PBXGroup;
			children = (
				A20000000000000000000001 /* MrYukPoisonPatrolApp.swift */,
				A20000000000000000000002 /* ContentView.swift */,
				A20000000000000000000003 /* GameScene.swift */,
				A20000000000000000000004 /* GameModels.swift */,
				A20000000000000000000005 /* GamePalette.swift */,
			);
			path = Sources;
			sourceTree = "<group>";
		};
		A40000000000000000000004 /* Audio */ = {
			isa = PBXGroup;
			children = (
				A20000000000000000000007 /* start.wav */,
				A20000000000000000000008 /* slap.wav */,
				A20000000000000000000009 /* danger.wav */,
				A2000000000000000000000A /* clear.wav */,
				A2000000000000000000000B /* jump.wav */,
				A2000000000000000000000E /* theme.wav */,
			);
			path = Resources/Audio;
			sourceTree = "<group>";
		};
		A40000000000000000000005 /* Products */ = {
			isa = PBXGroup;
			children = (
				A2000000000000000000000C /* MrYukPoisonPatrol.app */,
			);
			name = Products;
			sourceTree = "<group>";
		};
/* End PBXGroup section */

/* Begin PBXNativeTarget section */
		A50000000000000000000001 /* MrYukPoisonPatrol */ = {
			isa = PBXNativeTarget;
			buildConfigurationList = A80000000000000000000002 /* Build configuration list for PBXNativeTarget "MrYukPoisonPatrol" */;
			buildPhases = (
				A30000000000000000000002 /* Sources */,
				A30000000000000000000001 /* Frameworks */,
				A30000000000000000000003 /* Resources */,
			);
			buildRules = (
			);
			dependencies = (
			);
			name = MrYukPoisonPatrol;
			productName = MrYukPoisonPatrol;
			productReference = A2000000000000000000000C /* MrYukPoisonPatrol.app */;
			productType = "com.apple.product-type.application";
		};
/* End PBXNativeTarget section */

/* Begin PBXProject section */
		A60000000000000000000001 /* Project object */ = {
			isa = PBXProject;
			attributes = {
				BuildIndependentTargetsInParallel = 1;
				LastSwiftUpdateCheck = 1600;
				LastUpgradeCheck = 1600;
				TargetAttributes = {
					A50000000000000000000001 = {
						CreatedOnToolsVersion = 16.0;
					};
				};
			};
			buildConfigurationList = A80000000000000000000001 /* Build configuration list for PBXProject "MrYukPoisonPatrol" */;
			compatibilityVersion = "Xcode 15.0";
			developmentRegion = en;
			hasScannedForEncodings = 0;
			knownRegions = (
				en,
				Base,
			);
			mainGroup = A40000000000000000000001;
			productRefGroup = A40000000000000000000005 /* Products */;
			projectDirPath = "";
			projectRoot = "";
			targets = (
				A50000000000000000000001 /* MrYukPoisonPatrol */,
			);
		};
/* End PBXProject section */

/* Begin PBXResourcesBuildPhase section */
		A30000000000000000000003 /* Resources */ = {
			isa = PBXResourcesBuildPhase;
			buildActionMask = 2147483647;
			files = (
				A10000000000000000000006 /* Assets.xcassets in Resources */,
				A10000000000000000000007 /* start.wav in Resources */,
				A10000000000000000000008 /* slap.wav in Resources */,
				A10000000000000000000009 /* danger.wav in Resources */,
				A1000000000000000000000A /* clear.wav in Resources */,
				A1000000000000000000000B /* jump.wav in Resources */,
				A1000000000000000000000E /* theme.wav in Resources */,
			);
			runOnlyForDeploymentPostprocessing = 0;
		};
/* End PBXResourcesBuildPhase section */

/* Begin PBXSourcesBuildPhase section */
		A30000000000000000000002 /* Sources */ = {
			isa = PBXSourcesBuildPhase;
			buildActionMask = 2147483647;
			files = (
				A10000000000000000000001 /* MrYukPoisonPatrolApp.swift in Sources */,
				A10000000000000000000002 /* ContentView.swift in Sources */,
				A10000000000000000000003 /* GameScene.swift in Sources */,
				A10000000000000000000004 /* GameModels.swift in Sources */,
				A10000000000000000000005 /* GamePalette.swift in Sources */,
			);
			runOnlyForDeploymentPostprocessing = 0;
		};
/* End PBXSourcesBuildPhase section */

/* Begin XCBuildConfiguration section */
		A70000000000000000000001 /* Debug */ = {
			isa = XCBuildConfiguration;
			buildSettings = {
				ALWAYS_SEARCH_USER_PATHS = NO;
				CLANG_ENABLE_MODULES = YES;
				CLANG_ENABLE_OBJC_ARC = YES;
				COPY_PHASE_STRIP = NO;
				DEBUG_INFORMATION_FORMAT = dwarf;
				ENABLE_STRICT_OBJC_MSGSEND = YES;
				ENABLE_TESTABILITY = YES;
				GCC_C_LANGUAGE_STANDARD = gnu17;
				GCC_OPTIMIZATION_LEVEL = 0;
				MTL_ENABLE_DEBUG_INFO = INCLUDE_SOURCE;
				ONLY_ACTIVE_ARCH = YES;
				SDKROOT = macosx;
				SWIFT_ACTIVE_COMPILATION_CONDITIONS = DEBUG;
				SWIFT_OPTIMIZATION_LEVEL = "-Onone";
			};
			name = Debug;
		};
		A70000000000000000000002 /* Release */ = {
			isa = XCBuildConfiguration;
			buildSettings = {
				ALWAYS_SEARCH_USER_PATHS = NO;
				CLANG_ENABLE_MODULES = YES;
				CLANG_ENABLE_OBJC_ARC = YES;
				COPY_PHASE_STRIP = YES;
				DEBUG_INFORMATION_FORMAT = "dwarf-with-dsym";
				ENABLE_NS_ASSERTIONS = NO;
				GCC_C_LANGUAGE_STANDARD = gnu17;
				MTL_ENABLE_DEBUG_INFO = NO;
				SDKROOT = macosx;
				SWIFT_COMPILATION_MODE = wholemodule;
			};
			name = Release;
		};
		A70000000000000000000003 /* Debug */ = {
			isa = XCBuildConfiguration;
			buildSettings = {
				ARCHS = arm64;
				ASSETCATALOG_COMPILER_APPICON_NAME = AppIcon;
				CODE_SIGN_STYLE = Automatic;
				COMBINE_HIDPI_IMAGES = YES;
				CURRENT_PROJECT_VERSION = 15;
				DEVELOPMENT_TEAM = "";
				ENABLE_HARDENED_RUNTIME = YES;
				GENERATE_INFOPLIST_FILE = YES;
				INFOPLIST_KEY_CFBundleDisplayName = "Mr. Yuk's Poison Patrol";
				INFOPLIST_KEY_LSApplicationCategoryType = "public.app-category.games";
				INFOPLIST_KEY_NSHighResolutionCapable = YES;
				LD_RUNPATH_SEARCH_PATHS = "$(inherited) @executable_path/../Frameworks";
				MACOSX_DEPLOYMENT_TARGET = 14.0;
				MARKETING_VERSION = 1.0;
				PRODUCT_BUNDLE_IDENTIFIER = com.example.MrYukPoisonPatrol;
				PRODUCT_NAME = "$(TARGET_NAME)";
				SWIFT_EMIT_LOC_STRINGS = YES;
				SWIFT_VERSION = 5.0;
			};
			name = Debug;
		};
		A70000000000000000000004 /* Release */ = {
			isa = XCBuildConfiguration;
			buildSettings = {
				ARCHS = arm64;
				ASSETCATALOG_COMPILER_APPICON_NAME = AppIcon;
				CODE_SIGN_STYLE = Automatic;
				COMBINE_HIDPI_IMAGES = YES;
				CURRENT_PROJECT_VERSION = 15;
				DEVELOPMENT_TEAM = "";
				ENABLE_HARDENED_RUNTIME = YES;
				GENERATE_INFOPLIST_FILE = YES;
				INFOPLIST_KEY_CFBundleDisplayName = "Mr. Yuk's Poison Patrol";
				INFOPLIST_KEY_LSApplicationCategoryType = "public.app-category.games";
				INFOPLIST_KEY_NSHighResolutionCapable = YES;
				LD_RUNPATH_SEARCH_PATHS = "$(inherited) @executable_path/../Frameworks";
				MACOSX_DEPLOYMENT_TARGET = 14.0;
				MARKETING_VERSION = 1.0;
				PRODUCT_BUNDLE_IDENTIFIER = com.example.MrYukPoisonPatrol;
				PRODUCT_NAME = "$(TARGET_NAME)";
				SWIFT_EMIT_LOC_STRINGS = YES;
				SWIFT_VERSION = 5.0;
			};
			name = Release;
		};
/* End XCBuildConfiguration section */

/* Begin XCConfigurationList section */
		A80000000000000000000001 /* Build configuration list for PBXProject "MrYukPoisonPatrol" */ = {
			isa = XCConfigurationList;
			buildConfigurations = (
				A70000000000000000000001 /* Debug */,
				A70000000000000000000002 /* Release */,
			);
			defaultConfigurationIsVisible = 0;
			defaultConfigurationName = Release;
		};
		A80000000000000000000002 /* Build configuration list for PBXNativeTarget "MrYukPoisonPatrol" */ = {
			isa = XCConfigurationList;
			buildConfigurations = (
				A70000000000000000000003 /* Debug */,
				A70000000000000000000004 /* Release */,
			);
			defaultConfigurationIsVisible = 0;
			defaultConfigurationName = Release;
		};
/* End XCConfigurationList section */
	};
	rootObject = A60000000000000000000001 /* Project object */;
}
